
Microsoft Visual Studio Solution File, Format Version 12.00
# Visual Studio 14
VisualStudioVersion = 14.0.25420.1
MinimumVisualStudioVersion = 10.0.40219.1
Project("{FAE04EC0-301F-11D3-BF4B-00C04F79EFBC}") = "PatientScheduler.API", "PatientScheduler.API\PatientScheduler.API.csproj", "{360E010A-57EB-456F-A172-7142B472F416}"
EndProject
Project("{FAE04EC0-301F-11D3-BF4B-00C04F79EFBC}") = "PatientScheduler.API.Tests", "PatientScheduler.API.Tests\PatientScheduler.API.Tests.csproj", "{6EE86B1B-5CDC-4E22-858A-A7768DC3079E}"
EndProject
Global
	GlobalSection(SolutionConfigurationPlatforms) = preSolution
		Debug|Any CPU = Debug|Any CPU
		Release|Any CPU = Release|Any CPU
	EndGlobalSection
	GlobalSection(ProjectConfigurationPlatforms) = postSolution
		{360E010A-57EB-456F-A172-7142B472F416}.Debug|Any CPU.ActiveCfg = Debug|Any CPU
		{360E010A-57EB-456F-A172-7142B472F416}.Debug|Any CPU.Build.0 = Debug|Any CPU
		{360E010A-57EB-456F-A172-7142B472F416}.Release|Any CPU.ActiveCfg = Release|Any CPU
		{360E010A-57EB-456F-A172-7142B472F416}.Release|Any CPU.Build.0 = Release|Any CPU
		{6EE86B1B-5CDC-4E22-858A-A7768DC3079E}.Debug|Any CPU.ActiveCfg = Debug|Any CPU
		{6EE86B1B-5CDC-4E22-858A-A7768DC3079E}.Debug|Any CPU.Build.0 = Debug|Any CPU
		{6EE86B1B-5CDC-4E22-858A-A7768DC3079E}.Release|Any CPU.ActiveCfg = Release|Any CPU
		{6EE86B1B-5CDC-4E22-858A-A7768DC3079E}.Release|Any CPU.Build.0 = Release|Any CPU
	EndGlobalSection
	GlobalSection(SolutionProperties) = preSolution
		HideSolutionNode = FALSE
	EndGlobalSection
EndGlobal
